
Microsoft Visual Studio Solution File, Format Version 12.00
# Visual Studio 15
VisualStudioVersion = 15.0.27004.2002
MinimumVisualStudioVersion = 10.0.40219.1
Project("{FAE04EC0-301F-11D3-BF4B-00C04F79EFBC}") = "Booking.Web", "Booking.Web\Booking.Web.csproj", "{D80CFE2C-08B3-44F4-82F3-C8D4ADDB1AB6}"
EndProject
Global
	GlobalSection(SolutionConfigurationPlatforms) = preSolution
		Debug|Any CPU = Debug|Any CPU
		Release|Any CPU = Release|Any CPU
	EndGlobalSection
	GlobalSection(ProjectConfigurationPlatforms) = postSolution
		{D80CFE2C-08B3-44F4-82F3-C8D4ADDB1AB6}.Debug|Any CPU.ActiveCfg = Debug|Any CPU
		{D80CFE2C-08B3-44F4-82F3-C8D4ADDB1AB6}.Debug|Any CPU.Build.0 = Debug|Any CPU
		{D80CFE2C-08B3-44F4-82F3-C8D4ADDB1AB6}.Release|Any CPU.ActiveCfg = Release|Any CPU
		{D80CFE2C-08B3-44F4-82F3-C8D4ADDB1AB6}.Release|Any CPU.Build.0 = Release|Any CPU
	EndGlobalSection
	GlobalSection(SolutionProperties) = preSolution
		HideSolutionNode = FALSE
	EndGlobalSection
	GlobalSection(ExtensibilityGlobals) = postSolution
		SolutionGuid = {024E47E6-E95D-4754-8361-2437F5388DAF}
	EndGlobalSection
EndGlobal
