
Microsoft Visual Studio Solution File, Format Version 12.00
# Visual Studio 15
VisualStudioVersion = 15.0.27004.2002
MinimumVisualStudioVersion = 10.0.40219.1
Project("{FAE04EC0-301F-11D3-BF4B-00C04F79EFBC}") = "Booking.Service", "Booking.Service\Booking.Service.csproj", "{AE78E613-6B6A-4271-AFB0-7B5817457D4B}"
EndProject
Project("{FAE04EC0-301F-11D3-BF4B-00C04F79EFBC}") = "Booking.ServiceHost", "Booking.ServiceHost\Booking.ServiceHost.csproj", "{C2050737-5DE1-42A5-9CC6-012BE50192DD}"
EndProject
Project("{FAE04EC0-301F-11D3-BF4B-00C04F79EFBC}") = "Booking.Models", "Booking.Models\Booking.Models.csproj", "{E28DD068-1322-4023-A51E-E7BB13E7BC9D}"
EndProject
Project("{FAE04EC0-301F-11D3-BF4B-00C04F79EFBC}") = "Booking.DB", "Booking.DB\Booking.DB.csproj", "{991F1BA7-D95F-4143-AF23-33CEEC175C8D}"
EndProject
Project("{FAE04EC0-301F-11D3-BF4B-00C04F79EFBC}") = "Booking.Controller", "Booking.Controller\Booking.Controller.csproj", "{970EA190-0540-4FED-856C-9B06B03BBCF4}"
EndProject
Project("{FAE04EC0-301F-11D3-BF4B-00C04F79EFBC}") = "Booking.Exceptions", "Booking.Exceptions\Booking.Exceptions.csproj", "{ABC18A1D-BB4E-43BF-84B7-251AFCC00E49}"
EndProject
Project("{FAE04EC0-301F-11D3-BF4B-00C04F79EFBC}") = "Booking.ServiceSelfHosted", "Booking.ServiceSelfHosted\Booking.ServiceSelfHosted.csproj", "{B43F575D-4526-4485-AB75-16CE22108C9A}"
EndProject
Global
	GlobalSection(SolutionConfigurationPlatforms) = preSolution
		Debug|Any CPU = Debug|Any CPU
		Release|Any CPU = Release|Any CPU
	EndGlobalSection
	GlobalSection(ProjectConfigurationPlatforms) = postSolution
		{AE78E613-6B6A-4271-AFB0-7B5817457D4B}.Debug|Any CPU.ActiveCfg = Debug|Any CPU
		{AE78E613-6B6A-4271-AFB0-7B5817457D4B}.Debug|Any CPU.Build.0 = Debug|Any CPU
		{AE78E613-6B6A-4271-AFB0-7B5817457D4B}.Release|Any CPU.ActiveCfg = Release|Any CPU
		{AE78E613-6B6A-4271-AFB0-7B5817457D4B}.Release|Any CPU.Build.0 = Release|Any CPU
		{C2050737-5DE1-42A5-9CC6-012BE50192DD}.Debug|Any CPU.ActiveCfg = Debug|Any CPU
		{C2050737-5DE1-42A5-9CC6-012BE50192DD}.Debug|Any CPU.Build.0 = Debug|Any CPU
		{C2050737-5DE1-42A5-9CC6-012BE50192DD}.Release|Any CPU.ActiveCfg = Release|Any CPU
		{C2050737-5DE1-42A5-9CC6-012BE50192DD}.Release|Any CPU.Build.0 = Release|Any CPU
		{E28DD068-1322-4023-A51E-E7BB13E7BC9D}.Debug|Any CPU.ActiveCfg = Debug|Any CPU
		{E28DD068-1322-4023-A51E-E7BB13E7BC9D}.Debug|Any CPU.Build.0 = Debug|Any CPU
		{E28DD068-1322-4023-A51E-E7BB13E7BC9D}.Release|Any CPU.ActiveCfg = Release|Any CPU
		{E28DD068-1322-4023-A51E-E7BB13E7BC9D}.Release|Any CPU.Build.0 = Release|Any CPU
		{991F1BA7-D95F-4143-AF23-33CEEC175C8D}.Debug|Any CPU.ActiveCfg = Debug|Any CPU
		{991F1BA7-D95F-4143-AF23-33CEEC175C8D}.Debug|Any CPU.Build.0 = Debug|Any CPU
		{991F1BA7-D95F-4143-AF23-33CEEC175C8D}.Release|Any CPU.ActiveCfg = Release|Any CPU
		{991F1BA7-D95F-4143-AF23-33CEEC175C8D}.Release|Any CPU.Build.0 = Release|Any CPU
		{970EA190-0540-4FED-856C-9B06B03BBCF4}.Debug|Any CPU.ActiveCfg = Debug|Any CPU
		{970EA190-0540-4FED-856C-9B06B03BBCF4}.Debug|Any CPU.Build.0 = Debug|Any CPU
		{970EA190-0540-4FED-856C-9B06B03BBCF4}.Release|Any CPU.ActiveCfg = Release|Any CPU
		{970EA190-0540-4FED-856C-9B06B03BBCF4}.Release|Any CPU.Build.0 = Release|Any CPU
		{ABC18A1D-BB4E-43BF-84B7-251AFCC00E49}.Debug|Any CPU.ActiveCfg = Debug|Any CPU
		{ABC18A1D-BB4E-43BF-84B7-251AFCC00E49}.Debug|Any CPU.Build.0 = Debug|Any CPU
		{ABC18A1D-BB4E-43BF-84B7-251AFCC00E49}.Release|Any CPU.ActiveCfg = Release|Any CPU
		{ABC18A1D-BB4E-43BF-84B7-251AFCC00E49}.Release|Any CPU.Build.0 = Release|Any CPU
		{B43F575D-4526-4485-AB75-16CE22108C9A}.Debug|Any CPU.ActiveCfg = Debug|Any CPU
		{B43F575D-4526-4485-AB75-16CE22108C9A}.Debug|Any CPU.Build.0 = Debug|Any CPU
		{B43F575D-4526-4485-AB75-16CE22108C9A}.Release|Any CPU.ActiveCfg = Release|Any CPU
		{B43F575D-4526-4485-AB75-16CE22108C9A}.Release|Any CPU.Build.0 = Release|Any CPU
	EndGlobalSection
	GlobalSection(SolutionProperties) = preSolution
		HideSolutionNode = FALSE
	EndGlobalSection
	GlobalSection(ExtensibilityGlobals) = postSolution
		SolutionGuid = {DE4D539B-5DB0-4524-B84A-EA5E38745645}
	EndGlobalSection
EndGlobal
